
Microsoft Visual Studio Solution File, Format Version 12.00
# Visual Studio Version 17
VisualStudioVersion = 17.3.32825.248
MinimumVisualStudioVersion = 10.0.40219.1
Project("{FAE04EC0-301F-11D3-BF4B-00C04F79EFBC}") = "PeriodicTable", "PeriodicTable\PeriodicTable.csproj", "{5EFE271A-5319-4AAA-9B12-C03F55AB7EEB}"
EndProject
Global
	GlobalSection(SolutionConfigurationPlatforms) = preSolution
		Debug|Any CPU = Debug|Any CPU
		Release|Any CPU = Release|Any CPU
	EndGlobalSection
	GlobalSection(ProjectConfigurationPlatforms) = postSolution
		{5EFE271A-5319-4AAA-9B12-C03F55AB7EEB}.Debug|Any CPU.ActiveCfg = Debug|Any CPU
		{5EFE271A-5319-4AAA-9B12-C03F55AB7EEB}.Debug|Any CPU.Build.0 = Debug|Any CPU
		{5EFE271A-5319-4AAA-9B12-C03F55AB7EEB}.Release|Any CPU.ActiveCfg = Release|Any CPU
		{5EFE271A-5319-4AAA-9B12-C03F55AB7EEB}.Release|Any CPU.Build.0 = Release|Any CPU
	EndGlobalSection
	GlobalSection(SolutionProperties) = preSolution
		HideSolutionNode = FALSE
	EndGlobalSection
	GlobalSection(ExtensibilityGlobals) = postSolution
		SolutionGuid = {E380C3AE-F8AF-4410-AD3E-4E091A3B2A16}
	EndGlobalSection
EndGlobal
